
Microsoft Visual Studio Solution File, Format Version 12.00
Project("{FAE04EC0-301F-11D3-BF4B-00C04F79EFBC}") = "MoneyManager_API", "MoneyManager_API\MoneyManager_API.csproj", "{1D49C14B-AF6D-4ECE-A18F-209716B9830D}"
EndProject
Project("{FAE04EC0-301F-11D3-BF4B-00C04F79EFBC}") = "Data", "Data\Data.csproj", "{F0AC8CF0-DBD7-4DF6-9B37-7A414B664B13}"
EndProject
Global
	GlobalSection(SolutionConfigurationPlatforms) = preSolution
		Debug|Any CPU = Debug|Any CPU
		Release|Any CPU = Release|Any CPU
	EndGlobalSection
	GlobalSection(ProjectConfigurationPlatforms) = postSolution
		{1D49C14B-AF6D-4ECE-A18F-209716B9830D}.Debug|Any CPU.ActiveCfg = Debug|Any CPU
		{1D49C14B-AF6D-4ECE-A18F-209716B9830D}.Debug|Any CPU.Build.0 = Debug|Any CPU
		{1D49C14B-AF6D-4ECE-A18F-209716B9830D}.Release|Any CPU.ActiveCfg = Release|Any CPU
		{1D49C14B-AF6D-4ECE-A18F-209716B9830D}.Release|Any CPU.Build.0 = Release|Any CPU
		{F0AC8CF0-DBD7-4DF6-9B37-7A414B664B13}.Debug|Any CPU.ActiveCfg = Debug|Any CPU
		{F0AC8CF0-DBD7-4DF6-9B37-7A414B664B13}.Debug|Any CPU.Build.0 = Debug|Any CPU
		{F0AC8CF0-DBD7-4DF6-9B37-7A414B664B13}.Release|Any CPU.ActiveCfg = Release|Any CPU
		{F0AC8CF0-DBD7-4DF6-9B37-7A414B664B13}.Release|Any CPU.Build.0 = Release|Any CPU
	EndGlobalSection
EndGlobal
